
Microsoft Visual Studio Solution File, Format Version 12.00
# Visual Studio 15
VisualStudioVersion = 15.0.28307.168
MinimumVisualStudioVersion = 10.0.40219.1
Project("{FAE04EC0-301F-11D3-BF4B-00C04F79EFBC}") = "MeuWebservice", "MeuWebservice\MeuWebservice.csproj", "{74F9F9EE-1680-4D82-9F0E-54BF8E30A736}"
EndProject
Global
	GlobalSection(SolutionConfigurationPlatforms) = preSolution
		Debug|Any CPU = Debug|Any CPU
		Release|Any CPU = Release|Any CPU
	EndGlobalSection
	GlobalSection(ProjectConfigurationPlatforms) = postSolution
		{74F9F9EE-1680-4D82-9F0E-54BF8E30A736}.Debug|Any CPU.ActiveCfg = Debug|Any CPU
		{74F9F9EE-1680-4D82-9F0E-54BF8E30A736}.Debug|Any CPU.Build.0 = Debug|Any CPU
		{74F9F9EE-1680-4D82-9F0E-54BF8E30A736}.Release|Any CPU.ActiveCfg = Release|Any CPU
		{74F9F9EE-1680-4D82-9F0E-54BF8E30A736}.Release|Any CPU.Build.0 = Release|Any CPU
	EndGlobalSection
	GlobalSection(SolutionProperties) = preSolution
		HideSolutionNode = FALSE
	EndGlobalSection
	GlobalSection(ExtensibilityGlobals) = postSolution
		SolutionGuid = {F26607E5-62D1-43BB-BA56-5DF63BF7CD28}
	EndGlobalSection
EndGlobal
